{
  "name": "cevra",
  "version": "0.1.0",
  "lockfileVersion": 3,
  "requires": true,
  "packages": {
    "": {
      "name": "cevra",
      "version": "0.1.0",
      "license": "UNLICENSED",
      "workspaces": [
        "apps/*",
        "packages/*",
        "engines/*"
      ],
      "devDependencies": {
        "typescript": "5.8.3"
      },
      "engines": {
        "node": ">=22"
      }
    },
    "engines/media-ffmpeg": {
      "name": "@cevra/media-ffmpeg",
      "version": "0.1.0",
      "license": "UNLICENSED",
      "dependencies": {
        "@cevra/contracts": "0.1.0"
      }
    },
    "node_modules/@cevra/application": {
      "resolved": "packages/application",
      "link": true
    },
    "node_modules/@cevra/contracts": {
      "resolved": "packages/contracts",
      "link": true
    },
    "node_modules/@cevra/i18n": {
      "resolved": "packages/i18n",
      "link": true
    },
    "node_modules/@cevra/media-ffmpeg": {
      "resolved": "engines/media-ffmpeg",
      "link": true
    },
    "node_modules/@cevra/project-ir": {
      "resolved": "packages/project-ir",
      "link": true
    },
    "node_modules/@cevra/project-store": {
      "resolved": "packages/project-store",
      "link": true
    },
    "node_modules/typescript": {
      "version": "5.8.3",
      "resolved": "https://registry.npmjs.org/typescript/-/typescript-5.8.3.tgz",
      "integrity": "sha512-p1diW6TqL9L07nNxvRMM7hMMw4c5XOo/1ibL4aAIGmSAt9slTE1Xgw5KWuof2uTOvCg9BY7ZRi+GaF+7sfgPeQ==",
      "dev": true,
      "license": "Apache-2.0",
      "bin": {
        "tsc": "bin/tsc",
        "tsserver": "bin/tsserver"
      },
      "engines": {
        "node": ">=14.17"
      }
    },
    "packages/application": {
      "name": "@cevra/application",
      "version": "0.1.0",
      "license": "UNLICENSED",
      "dependencies": {
        "@cevra/contracts": "0.1.0",
        "@cevra/i18n": "0.1.0",
        "@cevra/project-ir": "0.1.0"
      }
    },
    "packages/contracts": {
      "name": "@cevra/contracts",
      "version": "0.1.0",
      "license": "UNLICENSED",
      "dependencies": {
        "@cevra/project-ir": "0.1.0"
      }
    },
    "packages/i18n": {
      "name": "@cevra/i18n",
      "version": "0.1.0",
      "license": "UNLICENSED",
      "dependencies": {
        "@cevra/project-ir": "0.1.0"
      }
    },
    "packages/project-ir": {
      "name": "@cevra/project-ir",
      "version": "0.1.0",
      "license": "UNLICENSED"
    },
    "packages/project-store": {
      "name": "@cevra/project-store",
      "version": "0.1.0",
      "license": "UNLICENSED",
      "dependencies": {
        "@cevra/project-ir": "0.1.0"
      }
    }
  }
}
